
Microsoft Visual Studio Solution File, Format Version 12.00
# Visual Studio Version 16
VisualStudioVersion = 16.0.28803.156
MinimumVisualStudioVersion = 10.0.40219.1
Project("{2150E333-8FDC-42A3-9474-1A3956D46DE8}") = "Docs", "Docs", "{BC338F65-6837-4911-A970-63F31C5B8F73}"
	ProjectSection(SolutionItems) = preProject
		README.md = README.md
	EndProjectSection
EndProject
Project("{9A19103F-16F7-4668-BE54-9A1E7A4F7556}") = "DEMNet.Sample", "DEMNet.Sample\DEMNet.Sample.csproj", "{3E719AA3-6920-4566-AB99-9735D048D042}"
EndProject
Project("{9A19103F-16F7-4668-BE54-9A1E7A4F7556}") = "DEM.Net.Core", "..\DEM.Net\DEM.Net.Core\DEM.Net.Core.csproj", "{D71AE468-7164-4772-AB4C-4B339BAF5501}"
EndProject
Project("{9A19103F-16F7-4668-BE54-9A1E7A4F7556}") = "DEM.Net.glTF", "..\DEM.Net\DEM.Net.glTF\DEM.Net.glTF.csproj", "{5A8A5766-A6F4-4966-9230-D8F4A6482623}"
EndProject
Global
	GlobalSection(SolutionConfigurationPlatforms) = preSolution
		Debug|Any CPU = Debug|Any CPU
		Release|Any CPU = Release|Any CPU
	EndGlobalSection
	GlobalSection(ProjectConfigurationPlatforms) = postSolution
		{3E719AA3-6920-4566-AB99-9735D048D042}.Debug|Any CPU.ActiveCfg = Debug|Any CPU
		{3E719AA3-6920-4566-AB99-9735D048D042}.Debug|Any CPU.Build.0 = Debug|Any CPU
		{3E719AA3-6920-4566-AB99-9735D048D042}.Release|Any CPU.ActiveCfg = Release|Any CPU
		{3E719AA3-6920-4566-AB99-9735D048D042}.Release|Any CPU.Build.0 = Release|Any CPU
		{D71AE468-7164-4772-AB4C-4B339BAF5501}.Debug|Any CPU.ActiveCfg = Debug|Any CPU
		{D71AE468-7164-4772-AB4C-4B339BAF5501}.Debug|Any CPU.Build.0 = Debug|Any CPU
		{D71AE468-7164-4772-AB4C-4B339BAF5501}.Release|Any CPU.ActiveCfg = Release|Any CPU
		{D71AE468-7164-4772-AB4C-4B339BAF5501}.Release|Any CPU.Build.0 = Release|Any CPU
		{5A8A5766-A6F4-4966-9230-D8F4A6482623}.Debug|Any CPU.ActiveCfg = Debug|Any CPU
		{5A8A5766-A6F4-4966-9230-D8F4A6482623}.Debug|Any CPU.Build.0 = Debug|Any CPU
		{5A8A5766-A6F4-4966-9230-D8F4A6482623}.Release|Any CPU.ActiveCfg = Release|Any CPU
		{5A8A5766-A6F4-4966-9230-D8F4A6482623}.Release|Any CPU.Build.0 = Release|Any CPU
	EndGlobalSection
	GlobalSection(SolutionProperties) = preSolution
		HideSolutionNode = FALSE
	EndGlobalSection
	GlobalSection(ExtensibilityGlobals) = postSolution
		SolutionGuid = {1661BA82-EB48-448E-9940-DD9FEE6B67F5}
	EndGlobalSection
EndGlobal
