
Microsoft Visual Studio Solution File, Format Version 12.00
# Visual Studio Version 16
VisualStudioVersion = 16.0.28803.156
MinimumVisualStudioVersion = 10.0.40219.1
Project("{2150E333-8FDC-42A3-9474-1A3956D46DE8}") = "Docs", "Docs", "{BC338F65-6837-4911-A970-63F31C5B8F73}"
	ProjectSection(SolutionItems) = preProject
		README.md = README.md
	EndProjectSection
EndProject
Project("{9A19103F-16F7-4668-BE54-9A1E7A4F7556}") = "DEMNet.Sample", "DEMNet.Sample\DEMNet.Sample.csproj", "{3E719AA3-6920-4566-AB99-9735D048D042}"
EndProject
Project("{2150E333-8FDC-42A3-9474-1A3956D46DE8}") = "Dem.Net Core", "Dem.Net Core", "{6FD310F1-3AE4-465D-8745-A39615517CC9}"
EndProject
Project("{9A19103F-16F7-4668-BE54-9A1E7A4F7556}") = "DEM.Net.Core", "..\DEM.Net\DEM.Net.Core\DEM.Net.Core.csproj", "{CBC76125-A700-4F0D-B401-0D9BEC038D37}"
EndProject
Project("{9A19103F-16F7-4668-BE54-9A1E7A4F7556}") = "DEM.Net.glTF", "..\DEM.Net\DEM.Net.glTF\DEM.Net.glTF.csproj", "{5C92A285-2B12-4D98-B2C1-0972E720B450}"
EndProject
Project("{2150E333-8FDC-42A3-9474-1A3956D46DE8}") = "Extensions", "Extensions", "{326835B1-B612-4EDD-A6D6-141B3FFA4FA1}"
EndProject
Project("{9A19103F-16F7-4668-BE54-9A1E7A4F7556}") = "DEM.Net.Extension.Osm", "..\DEM.Net\DEM.Net.Extension.Osm\DEM.Net.Extension.Osm.csproj", "{C90E94BF-F96E-499B-86F5-FBA5CAD70714}"
EndProject
Global
	GlobalSection(SolutionConfigurationPlatforms) = preSolution
		Debug|Any CPU = Debug|Any CPU
		Release|Any CPU = Release|Any CPU
	EndGlobalSection
	GlobalSection(ProjectConfigurationPlatforms) = postSolution
		{3E719AA3-6920-4566-AB99-9735D048D042}.Debug|Any CPU.ActiveCfg = Debug|Any CPU
		{3E719AA3-6920-4566-AB99-9735D048D042}.Debug|Any CPU.Build.0 = Debug|Any CPU
		{3E719AA3-6920-4566-AB99-9735D048D042}.Release|Any CPU.ActiveCfg = Release|Any CPU
		{3E719AA3-6920-4566-AB99-9735D048D042}.Release|Any CPU.Build.0 = Release|Any CPU
		{CBC76125-A700-4F0D-B401-0D9BEC038D37}.Debug|Any CPU.ActiveCfg = Debug|Any CPU
		{CBC76125-A700-4F0D-B401-0D9BEC038D37}.Debug|Any CPU.Build.0 = Debug|Any CPU
		{CBC76125-A700-4F0D-B401-0D9BEC038D37}.Release|Any CPU.ActiveCfg = Release|Any CPU
		{CBC76125-A700-4F0D-B401-0D9BEC038D37}.Release|Any CPU.Build.0 = Release|Any CPU
		{5C92A285-2B12-4D98-B2C1-0972E720B450}.Debug|Any CPU.ActiveCfg = Debug|Any CPU
		{5C92A285-2B12-4D98-B2C1-0972E720B450}.Debug|Any CPU.Build.0 = Debug|Any CPU
		{5C92A285-2B12-4D98-B2C1-0972E720B450}.Release|Any CPU.ActiveCfg = Release|Any CPU
		{5C92A285-2B12-4D98-B2C1-0972E720B450}.Release|Any CPU.Build.0 = Release|Any CPU
		{C90E94BF-F96E-499B-86F5-FBA5CAD70714}.Debug|Any CPU.ActiveCfg = Debug|Any CPU
		{C90E94BF-F96E-499B-86F5-FBA5CAD70714}.Debug|Any CPU.Build.0 = Debug|Any CPU
		{C90E94BF-F96E-499B-86F5-FBA5CAD70714}.Release|Any CPU.ActiveCfg = Release|Any CPU
		{C90E94BF-F96E-499B-86F5-FBA5CAD70714}.Release|Any CPU.Build.0 = Release|Any CPU
	EndGlobalSection
	GlobalSection(SolutionProperties) = preSolution
		HideSolutionNode = FALSE
	EndGlobalSection
	GlobalSection(NestedProjects) = preSolution
		{CBC76125-A700-4F0D-B401-0D9BEC038D37} = {6FD310F1-3AE4-465D-8745-A39615517CC9}
		{5C92A285-2B12-4D98-B2C1-0972E720B450} = {6FD310F1-3AE4-465D-8745-A39615517CC9}
		{C90E94BF-F96E-499B-86F5-FBA5CAD70714} = {326835B1-B612-4EDD-A6D6-141B3FFA4FA1}
	EndGlobalSection
	GlobalSection(ExtensibilityGlobals) = postSolution
		SolutionGuid = {1661BA82-EB48-448E-9940-DD9FEE6B67F5}
	EndGlobalSection
EndGlobal
